// !$*UTF8*$!
{
	archiveVersion = 1;
	classes = {
	};
	objectVersion = 46;
	objects = {

/* Begin PBXBuildFile section */
		0303B8611A67CFA80009C8A5 /* UnitTests.swift in Sources */ = {isa = PBXBuildFile; fileRef = 0303B8601A67CFA80009C8A5 /* UnitTests.swift */; };
		030627621A68354800204381 /* Dollar.framework in Frameworks */ = {isa = PBXBuildFile; fileRef = 032894841A6833BF00B15EA1 /* Dollar.framework */; };
		030627661A6835DA00204381 /* Dollar.framework in CopyFiles */ = {isa = PBXBuildFile; fileRef = 032894841A6833BF00B15EA1 /* Dollar.framework */; settings = {ATTRIBUTES = (CodeSignOnCopy, RemoveHeadersOnCopy, ); }; };
		030627671A6835DA00204381 /* Alamofire.framework in CopyFiles */ = {isa = PBXBuildFile; fileRef = 032894791A6832F300B15EA1 /* Alamofire.framework */; settings = {ATTRIBUTES = (CodeSignOnCopy, RemoveHeadersOnCopy, ); }; };
		030627681A6835DA00204381 /* Nimble.framework in CopyFiles */ = {isa = PBXBuildFile; fileRef = 0328947A1A6832F300B15EA1 /* Nimble.framework */; settings = {ATTRIBUTES = (CodeSignOnCopy, RemoveHeadersOnCopy, ); }; };
		030627691A6835DA00204381 /* Quick.framework in CopyFiles */ = {isa = PBXBuildFile; fileRef = 032894731A682B4F00B15EA1 /* Quick.framework */; settings = {ATTRIBUTES = (CodeSignOnCopy, RemoveHeadersOnCopy, ); }; };
		0306276E1A683C2400204381 /* Players.swift in Sources */ = {isa = PBXBuildFile; fileRef = 0306276D1A683C2400204381 /* Players.swift */; };
		030627711A683D6900204381 /* PlayerTests.swift in Sources */ = {isa = PBXBuildFile; fileRef = 030627701A683D6900204381 /* PlayerTests.swift */; };
		030627741A6841EF00204381 /* Battles.swift in Sources */ = {isa = PBXBuildFile; fileRef = 030627731A6841EF00204381 /* Battles.swift */; };
		0328947B1A6832F300B15EA1 /* Alamofire.framework in Frameworks */ = {isa = PBXBuildFile; fileRef = 032894791A6832F300B15EA1 /* Alamofire.framework */; };
		032894871A6833C600B15EA1 /* Dollar.framework in Frameworks */ = {isa = PBXBuildFile; fileRef = 032894841A6833BF00B15EA1 /* Dollar.framework */; };
		032894891A68345600B15EA1 /* Nimble.framework in Frameworks */ = {isa = PBXBuildFile; fileRef = 0328947A1A6832F300B15EA1 /* Nimble.framework */; };
		0328948A1A68345600B15EA1 /* Quick.framework in Frameworks */ = {isa = PBXBuildFile; fileRef = 032894731A682B4F00B15EA1 /* Quick.framework */; };
		039806E91A67FAE0005C8E9F /* Parties.swift in Sources */ = {isa = PBXBuildFile; fileRef = 039806E81A67FAE0005C8E9F /* Parties.swift */; };
		039806EB1A67FAF6005C8E9F /* PartyTests.swift in Sources */ = {isa = PBXBuildFile; fileRef = 039806EA1A67FAF6005C8E9F /* PartyTests.swift */; };
		039806EE1A67FBE7005C8E9F /* Factories.swift in Sources */ = {isa = PBXBuildFile; fileRef = 039806ED1A67FBE7005C8E9F /* Factories.swift */; };
		03E380C31A66C7E5009A7C0C /* AppDelegate.swift in Sources */ = {isa = PBXBuildFile; fileRef = 03E380C21A66C7E5009A7C0C /* AppDelegate.swift */; };
		03E380C71A66C7E5009A7C0C /* GameScene.swift in Sources */ = {isa = PBXBuildFile; fileRef = 03E380C61A66C7E5009A7C0C /* GameScene.swift */; };
		03E380C91A66C7E5009A7C0C /* GameViewController.swift in Sources */ = {isa = PBXBuildFile; fileRef = 03E380C81A66C7E5009A7C0C /* GameViewController.swift */; };
		03E380CC1A66C7E5009A7C0C /* Main.storyboard in Resources */ = {isa = PBXBuildFile; fileRef = 03E380CA1A66C7E5009A7C0C /* Main.storyboard */; };
		03E380CE1A66C7E5009A7C0C /* Images.xcassets in Resources */ = {isa = PBXBuildFile; fileRef = 03E380CD1A66C7E5009A7C0C /* Images.xcassets */; };
		03E380D11A66C7E5009A7C0C /* LaunchScreen.xib in Resources */ = {isa = PBXBuildFile; fileRef = 03E380CF1A66C7E5009A7C0C /* LaunchScreen.xib */; };
		03E380EB1A66CA1A009A7C0C /* Montserrat-Bold.ttf in Resources */ = {isa = PBXBuildFile; fileRef = 03E380E91A66C915009A7C0C /* Montserrat-Bold.ttf */; };
		03E380EC1A66CA1A009A7C0C /* Montserrat-Regular.ttf in Resources */ = {isa = PBXBuildFile; fileRef = 03E380EA1A66C915009A7C0C /* Montserrat-Regular.ttf */; };
		03E380F41A66D9AE009A7C0C /* Units.swift in Sources */ = {isa = PBXBuildFile; fileRef = 03E380F31A66D9AE009A7C0C /* Units.swift */; };
/* End PBXBuildFile section */

/* Begin PBXContainerItemProxy section */
		030627631A6835B500204381 /* PBXContainerItemProxy */ = {
			isa = PBXContainerItemProxy;
			containerPortal = 0328947E1A6833BF00B15EA1 /* Dollar.xcodeproj */;
			proxyType = 1;
			remoteGlobalIDString = 92E0D03B19467C67002ACC3D;
			remoteInfo = Dollar;
		};
		032894831A6833BF00B15EA1 /* PBXContainerItemProxy */ = {
			isa = PBXContainerItemProxy;
			containerPortal = 0328947E1A6833BF00B15EA1 /* Dollar.xcodeproj */;
			proxyType = 2;
			remoteGlobalIDString = 92E0D03C19467C67002ACC3D;
			remoteInfo = Dollar;
		};
		032894851A6833BF00B15EA1 /* PBXContainerItemProxy */ = {
			isa = PBXContainerItemProxy;
			containerPortal = 0328947E1A6833BF00B15EA1 /* Dollar.xcodeproj */;
			proxyType = 2;
			remoteGlobalIDString = 92E6686F19F09C6400BB4FB8;
			remoteInfo = DollarTests;
		};
		03E380D71A66C7E5009A7C0C /* PBXContainerItemProxy */ = {
			isa = PBXContainerItemProxy;
			containerPortal = 03E380B51A66C7E5009A7C0C /* Project object */;
			proxyType = 1;
			remoteGlobalIDString = 03E380BC1A66C7E5009A7C0C;
			remoteInfo = peril;
		};
/* End PBXContainerItemProxy section */

/* Begin PBXCopyFilesBuildPhase section */
		030627651A6835D100204381 /* CopyFiles */ = {
			isa = PBXCopyFilesBuildPhase;
			buildActionMask = 2147483647;
			dstPath = "";
			dstSubfolderSpec = 10;
			files = (
				030627661A6835DA00204381 /* Dollar.framework in CopyFiles */,
				030627671A6835DA00204381 /* Alamofire.framework in CopyFiles */,
				030627681A6835DA00204381 /* Nimble.framework in CopyFiles */,
				030627691A6835DA00204381 /* Quick.framework in CopyFiles */,
			);
			runOnlyForDeploymentPostprocessing = 0;
		};
		0306276A1A6835DE00204381 /* CopyFiles */ = {
			isa = PBXCopyFilesBuildPhase;
			buildActionMask = 2147483647;
			dstPath = "";
			dstSubfolderSpec = 10;
			files = (
			);
			runOnlyForDeploymentPostprocessing = 0;
		};
/* End PBXCopyFilesBuildPhase section */

/* Begin PBXFileReference section */
		0303B8601A67CFA80009C8A5 /* UnitTests.swift */ = {isa = PBXFileReference; fileEncoding = 4; lastKnownFileType = sourcecode.swift; path = UnitTests.swift; sourceTree = "<group>"; };
		0306276D1A683C2400204381 /* Players.swift */ = {isa = PBXFileReference; fileEncoding = 4; lastKnownFileType = sourcecode.swift; path = Players.swift; sourceTree = "<group>"; };
		030627701A683D6900204381 /* PlayerTests.swift */ = {isa = PBXFileReference; fileEncoding = 4; lastKnownFileType = sourcecode.swift; path = PlayerTests.swift; sourceTree = "<group>"; };
		030627731A6841EF00204381 /* Battles.swift */ = {isa = PBXFileReference; fileEncoding = 4; lastKnownFileType = sourcecode.swift; path = Battles.swift; sourceTree = "<group>"; };
		032894731A682B4F00B15EA1 /* Quick.framework */ = {isa = PBXFileReference; lastKnownFileType = wrapper.framework; name = Quick.framework; path = Carthage/Build/iOS/Quick.framework; sourceTree = "<group>"; };
		032894791A6832F300B15EA1 /* Alamofire.framework */ = {isa = PBXFileReference; lastKnownFileType = wrapper.framework; name = Alamofire.framework; path = Carthage/Build/iOS/Alamofire.framework; sourceTree = "<group>"; };
		0328947A1A6832F300B15EA1 /* Nimble.framework */ = {isa = PBXFileReference; lastKnownFileType = wrapper.framework; name = Nimble.framework; path = Carthage/Build/iOS/Nimble.framework; sourceTree = "<group>"; };
		0328947E1A6833BF00B15EA1 /* Dollar.xcodeproj */ = {isa = PBXFileReference; lastKnownFileType = "wrapper.pb-project"; name = Dollar.xcodeproj; path = Dollar.swift/Dollar/Dollar.xcodeproj; sourceTree = "<group>"; };
		039806E81A67FAE0005C8E9F /* Parties.swift */ = {isa = PBXFileReference; fileEncoding = 4; lastKnownFileType = sourcecode.swift; path = Parties.swift; sourceTree = "<group>"; };
		039806EA1A67FAF6005C8E9F /* PartyTests.swift */ = {isa = PBXFileReference; fileEncoding = 4; lastKnownFileType = sourcecode.swift; path = PartyTests.swift; sourceTree = "<group>"; };
		039806ED1A67FBE7005C8E9F /* Factories.swift */ = {isa = PBXFileReference; fileEncoding = 4; lastKnownFileType = sourcecode.swift; path = Factories.swift; sourceTree = "<group>"; };
		03E380BD1A66C7E5009A7C0C /* peril.app */ = {isa = PBXFileReference; explicitFileType = wrapper.application; includeInIndex = 0; path = peril.app; sourceTree = BUILT_PRODUCTS_DIR; };
		03E380C11A66C7E5009A7C0C /* Info.plist */ = {isa = PBXFileReference; lastKnownFileType = text.plist.xml; path = Info.plist; sourceTree = "<group>"; };
		03E380C21A66C7E5009A7C0C /* AppDelegate.swift */ = {isa = PBXFileReference; lastKnownFileType = sourcecode.swift; path = AppDelegate.swift; sourceTree = "<group>"; };
		03E380C61A66C7E5009A7C0C /* GameScene.swift */ = {isa = PBXFileReference; lastKnownFileType = sourcecode.swift; path = GameScene.swift; sourceTree = "<group>"; };
		03E380C81A66C7E5009A7C0C /* GameViewController.swift */ = {isa = PBXFileReference; lastKnownFileType = sourcecode.swift; path = GameViewController.swift; sourceTree = "<group>"; };
		03E380CB1A66C7E5009A7C0C /* Base */ = {isa = PBXFileReference; lastKnownFileType = file.storyboard; name = Base; path = Base.lproj/Main.storyboard; sourceTree = "<group>"; };
		03E380CD1A66C7E5009A7C0C /* Images.xcassets */ = {isa = PBXFileReference; lastKnownFileType = folder.assetcatalog; path = Images.xcassets; sourceTree = "<group>"; };
		03E380D01A66C7E5009A7C0C /* Base */ = {isa = PBXFileReference; lastKnownFileType = file.xib; name = Base; path = Base.lproj/LaunchScreen.xib; sourceTree = "<group>"; };
		03E380D61A66C7E5009A7C0C /* perilTests.xctest */ = {isa = PBXFileReference; explicitFileType = wrapper.cfbundle; includeInIndex = 0; path = perilTests.xctest; sourceTree = BUILT_PRODUCTS_DIR; };
		03E380DB1A66C7E5009A7C0C /* Info.plist */ = {isa = PBXFileReference; lastKnownFileType = text.plist.xml; path = Info.plist; sourceTree = "<group>"; };
		03E380E91A66C915009A7C0C /* Montserrat-Bold.ttf */ = {isa = PBXFileReference; lastKnownFileType = file; path = "Montserrat-Bold.ttf"; sourceTree = "<group>"; };
		03E380EA1A66C915009A7C0C /* Montserrat-Regular.ttf */ = {isa = PBXFileReference; lastKnownFileType = file; path = "Montserrat-Regular.ttf"; sourceTree = "<group>"; };
		03E380F31A66D9AE009A7C0C /* Units.swift */ = {isa = PBXFileReference; fileEncoding = 4; lastKnownFileType = sourcecode.swift; path = Units.swift; sourceTree = "<group>"; };
/* End PBXFileReference section */

/* Begin PBXFrameworksBuildPhase section */
		03E380BA1A66C7E5009A7C0C /* Frameworks */ = {
			isa = PBXFrameworksBuildPhase;
			buildActionMask = 2147483647;
			files = (
				032894871A6833C600B15EA1 /* Dollar.framework in Frameworks */,
				0328947B1A6832F300B15EA1 /* Alamofire.framework in Frameworks */,
			);
			runOnlyForDeploymentPostprocessing = 0;
		};
		03E380D31A66C7E5009A7C0C /* Frameworks */ = {
			isa = PBXFrameworksBuildPhase;
			buildActionMask = 2147483647;
			files = (
				030627621A68354800204381 /* Dollar.framework in Frameworks */,
				032894891A68345600B15EA1 /* Nimble.framework in Frameworks */,
				0328948A1A68345600B15EA1 /* Quick.framework in Frameworks */,
			);
			runOnlyForDeploymentPostprocessing = 0;
		};
/* End PBXFrameworksBuildPhase section */

/* Begin PBXGroup section */
		0328947F1A6833BF00B15EA1 /* Products */ = {
			isa = PBXGroup;
			children = (
				032894841A6833BF00B15EA1 /* Dollar.framework */,
				032894861A6833BF00B15EA1 /* DollarTests.xctest */,
			);
			name = Products;
			sourceTree = "<group>";
		};
		039806EC1A67FBDC005C8E9F /* util */ = {
			isa = PBXGroup;
			children = (
				039806ED1A67FBE7005C8E9F /* Factories.swift */,
			);
			name = util;
			sourceTree = "<group>";
		};
		03E380B41A66C7E5009A7C0C = {
			isa = PBXGroup;
			children = (
				03E380BF1A66C7E5009A7C0C /* peril */,
				03E380D91A66C7E5009A7C0C /* perilTests */,
				03E380BE1A66C7E5009A7C0C /* Products */,
				931B1F4BA13733A51AD40821 /* Frameworks */,
			);
			sourceTree = "<group>";
		};
		03E380BE1A66C7E5009A7C0C /* Products */ = {
			isa = PBXGroup;
			children = (
				03E380BD1A66C7E5009A7C0C /* peril.app */,
				03E380D61A66C7E5009A7C0C /* perilTests.xctest */,
			);
			name = Products;
			sourceTree = "<group>";
		};
		03E380BF1A66C7E5009A7C0C /* peril */ = {
			isa = PBXGroup;
			children = (
				03E380E81A66C90D009A7C0C /* assets */,
				03E380F11A66CC2A009A7C0C /* classes */,
				03E380ED1A66CC0B009A7C0C /* views */,
				03E380C01A66C7E5009A7C0C /* Supporting Files */,
			);
			path = peril;
			sourceTree = "<group>";
		};
		03E380C01A66C7E5009A7C0C /* Supporting Files */ = {
			isa = PBXGroup;
			children = (
				03E380C11A66C7E5009A7C0C /* Info.plist */,
			);
			path = "Supporting Files";
			sourceTree = "<group>";
		};
		03E380D91A66C7E5009A7C0C /* perilTests */ = {
			isa = PBXGroup;
			children = (
				039806EC1A67FBDC005C8E9F /* util */,
				039806EA1A67FAF6005C8E9F /* PartyTests.swift */,
				0303B8601A67CFA80009C8A5 /* UnitTests.swift */,
				03E380DA1A66C7E5009A7C0C /* Supporting Files */,
				030627701A683D6900204381 /* PlayerTests.swift */,
			);
			path = perilTests;
			sourceTree = "<group>";
		};
		03E380DA1A66C7E5009A7C0C /* Supporting Files */ = {
			isa = PBXGroup;
			children = (
				03E380DB1A66C7E5009A7C0C /* Info.plist */,
			);
			path = "Supporting Files";
			sourceTree = "<group>";
		};
		03E380E81A66C90D009A7C0C /* assets */ = {
			isa = PBXGroup;
			children = (
				03E380EE1A66CC17009A7C0C /* fonts */,
				03E380CD1A66C7E5009A7C0C /* Images.xcassets */,
			);
			path = assets;
			sourceTree = "<group>";
		};
		03E380ED1A66CC0B009A7C0C /* views */ = {
			isa = PBXGroup;
			children = (
				03E380CA1A66C7E5009A7C0C /* Main.storyboard */,
				03E380CF1A66C7E5009A7C0C /* LaunchScreen.xib */,
			);
			path = views;
			sourceTree = "<group>";
		};
		03E380EE1A66CC17009A7C0C /* fonts */ = {
			isa = PBXGroup;
			children = (
				03E380E91A66C915009A7C0C /* Montserrat-Bold.ttf */,
				03E380EA1A66C915009A7C0C /* Montserrat-Regular.ttf */,
			);
			path = fonts;
			sourceTree = "<group>";
		};
		03E380EF1A66CC1F009A7C0C /* scenes */ = {
			isa = PBXGroup;
			children = (
				03E380C61A66C7E5009A7C0C /* GameScene.swift */,
			);
			path = scenes;
			sourceTree = "<group>";
		};
		03E380F01A66CC22009A7C0C /* controllers */ = {
			isa = PBXGroup;
			children = (
				03E380C81A66C7E5009A7C0C /* GameViewController.swift */,
			);
			path = controllers;
			sourceTree = "<group>";
		};
		03E380F11A66CC2A009A7C0C /* classes */ = {
			isa = PBXGroup;
			children = (
				03E380F21A66D983009A7C0C /* models */,
				03E380F01A66CC22009A7C0C /* controllers */,
				03E380EF1A66CC1F009A7C0C /* scenes */,
				03E380C21A66C7E5009A7C0C /* AppDelegate.swift */,
			);
			path = classes;
			sourceTree = "<group>";
		};
		03E380F21A66D983009A7C0C /* models */ = {
			isa = PBXGroup;
			children = (
				03E380F31A66D9AE009A7C0C /* Units.swift */,
				039806E81A67FAE0005C8E9F /* Parties.swift */,
				0306276D1A683C2400204381 /* Players.swift */,
				030627731A6841EF00204381 /* Battles.swift */,
			);
			path = models;
			sourceTree = "<group>";
		};
		931B1F4BA13733A51AD40821 /* Frameworks */ = {
			isa = PBXGroup;
			children = (
				0328947E1A6833BF00B15EA1 /* Dollar.xcodeproj */,
				032894791A6832F300B15EA1 /* Alamofire.framework */,
				0328947A1A6832F300B15EA1 /* Nimble.framework */,
				032894731A682B4F00B15EA1 /* Quick.framework */,
			);
			name = Frameworks;
			sourceTree = "<group>";
		};
/* End PBXGroup section */

/* Begin PBXNativeTarget section */
		03E380BC1A66C7E5009A7C0C /* peril */ = {
			isa = PBXNativeTarget;
			buildConfigurationList = 03E380E01A66C7E5009A7C0C /* Build configuration list for PBXNativeTarget "peril" */;
			buildPhases = (
				03E380B91A66C7E5009A7C0C /* Sources */,
				03E380BA1A66C7E5009A7C0C /* Frameworks */,
				03E380BB1A66C7E5009A7C0C /* Resources */,
				030627651A6835D100204381 /* CopyFiles */,
			);
			buildRules = (
			);
			dependencies = (
			);
			name = peril;
			productName = peril;
			productReference = 03E380BD1A66C7E5009A7C0C /* peril.app */;
			productType = "com.apple.product-type.application";
		};
		03E380D51A66C7E5009A7C0C /* perilTests */ = {
			isa = PBXNativeTarget;
			buildConfigurationList = 03E380E31A66C7E5009A7C0C /* Build configuration list for PBXNativeTarget "perilTests" */;
			buildPhases = (
				03E380D21A66C7E5009A7C0C /* Sources */,
				03E380D31A66C7E5009A7C0C /* Frameworks */,
				03E380D41A66C7E5009A7C0C /* Resources */,
				0306276A1A6835DE00204381 /* CopyFiles */,
			);
			buildRules = (
			);
			dependencies = (
				030627641A6835B500204381 /* PBXTargetDependency */,
				03E380D81A66C7E5009A7C0C /* PBXTargetDependency */,
			);
			name = perilTests;
			productName = perilTests;
			productReference = 03E380D61A66C7E5009A7C0C /* perilTests.xctest */;
			productType = "com.apple.product-type.bundle.unit-test";
		};
/* End PBXNativeTarget section */

/* Begin PBXProject section */
		03E380B51A66C7E5009A7C0C /* Project object */ = {
			isa = PBXProject;
			attributes = {
				LastUpgradeCheck = 0610;
				ORGANIZATIONNAME = sizeof.io;
				TargetAttributes = {
					03E380BC1A66C7E5009A7C0C = {
						CreatedOnToolsVersion = 6.1.1;
					};
					03E380D51A66C7E5009A7C0C = {
						CreatedOnToolsVersion = 6.1.1;
						TestTargetID = 03E380BC1A66C7E5009A7C0C;
					};
				};
			};
			buildConfigurationList = 03E380B81A66C7E5009A7C0C /* Build configuration list for PBXProject "peril" */;
			compatibilityVersion = "Xcode 3.2";
			developmentRegion = English;
			hasScannedForEncodings = 0;
			knownRegions = (
				en,
				Base,
			);
			mainGroup = 03E380B41A66C7E5009A7C0C;
			productRefGroup = 03E380BE1A66C7E5009A7C0C /* Products */;
			projectDirPath = "";
			projectReferences = (
				{
					ProductGroup = 0328947F1A6833BF00B15EA1 /* Products */;
					ProjectRef = 0328947E1A6833BF00B15EA1 /* Dollar.xcodeproj */;
				},
			);
			projectRoot = "";
			targets = (
				03E380BC1A66C7E5009A7C0C /* peril */,
				03E380D51A66C7E5009A7C0C /* perilTests */,
			);
		};
/* End PBXProject section */

/* Begin PBXReferenceProxy section */
		032894841A6833BF00B15EA1 /* Dollar.framework */ = {
			isa = PBXReferenceProxy;
			fileType = wrapper.framework;
			path = Dollar.framework;
			remoteRef = 032894831A6833BF00B15EA1 /* PBXContainerItemProxy */;
			sourceTree = BUILT_PRODUCTS_DIR;
		};
		032894861A6833BF00B15EA1 /* DollarTests.xctest */ = {
			isa = PBXReferenceProxy;
			fileType = wrapper.cfbundle;
			path = DollarTests.xctest;
			remoteRef = 032894851A6833BF00B15EA1 /* PBXContainerItemProxy */;
			sourceTree = BUILT_PRODUCTS_DIR;
		};
/* End PBXReferenceProxy section */

/* Begin PBXResourcesBuildPhase section */
		03E380BB1A66C7E5009A7C0C /* Resources */ = {
			isa = PBXResourcesBuildPhase;
			buildActionMask = 2147483647;
			files = (
				03E380EB1A66CA1A009A7C0C /* Montserrat-Bold.ttf in Resources */,
				03E380EC1A66CA1A009A7C0C /* Montserrat-Regular.ttf in Resources */,
				03E380D11A66C7E5009A7C0C /* LaunchScreen.xib in Resources */,
				03E380CE1A66C7E5009A7C0C /* Images.xcassets in Resources */,
				03E380CC1A66C7E5009A7C0C /* Main.storyboard in Resources */,
			);
			runOnlyForDeploymentPostprocessing = 0;
		};
		03E380D41A66C7E5009A7C0C /* Resources */ = {
			isa = PBXResourcesBuildPhase;
			buildActionMask = 2147483647;
			files = (
			);
			runOnlyForDeploymentPostprocessing = 0;
		};
/* End PBXResourcesBuildPhase section */

/* Begin PBXSourcesBuildPhase section */
		03E380B91A66C7E5009A7C0C /* Sources */ = {
			isa = PBXSourcesBuildPhase;
			buildActionMask = 2147483647;
			files = (
				0306276E1A683C2400204381 /* Players.swift in Sources */,
				03E380C71A66C7E5009A7C0C /* GameScene.swift in Sources */,
				039806E91A67FAE0005C8E9F /* Parties.swift in Sources */,
				03E380C91A66C7E5009A7C0C /* GameViewController.swift in Sources */,
				030627741A6841EF00204381 /* Battles.swift in Sources */,
				03E380C31A66C7E5009A7C0C /* AppDelegate.swift in Sources */,
				03E380F41A66D9AE009A7C0C /* Units.swift in Sources */,
			);
			runOnlyForDeploymentPostprocessing = 0;
		};
		03E380D21A66C7E5009A7C0C /* Sources */ = {
			isa = PBXSourcesBuildPhase;
			buildActionMask = 2147483647;
			files = (
				030627711A683D6900204381 /* PlayerTests.swift in Sources */,
				039806EE1A67FBE7005C8E9F /* Factories.swift in Sources */,
				039806EB1A67FAF6005C8E9F /* PartyTests.swift in Sources */,
				0303B8611A67CFA80009C8A5 /* UnitTests.swift in Sources */,
			);
			runOnlyForDeploymentPostprocessing = 0;
		};
/* End PBXSourcesBuildPhase section */

/* Begin PBXTargetDependency section */
		030627641A6835B500204381 /* PBXTargetDependency */ = {
			isa = PBXTargetDependency;
			name = Dollar;
			targetProxy = 030627631A6835B500204381 /* PBXContainerItemProxy */;
		};
		03E380D81A66C7E5009A7C0C /* PBXTargetDependency */ = {
			isa = PBXTargetDependency;
			target = 03E380BC1A66C7E5009A7C0C /* peril */;
			targetProxy = 03E380D71A66C7E5009A7C0C /* PBXContainerItemProxy */;
		};
/* End PBXTargetDependency section */

/* Begin PBXVariantGroup section */
		03E380CA1A66C7E5009A7C0C /* Main.storyboard */ = {
			isa = PBXVariantGroup;
			children = (
				03E380CB1A66C7E5009A7C0C /* Base */,
			);
			name = Main.storyboard;
			sourceTree = "<group>";
		};
		03E380CF1A66C7E5009A7C0C /* LaunchScreen.xib */ = {
			isa = PBXVariantGroup;
			children = (
				03E380D01A66C7E5009A7C0C /* Base */,
			);
			name = LaunchScreen.xib;
			sourceTree = "<group>";
		};
/* End PBXVariantGroup section */

/* Begin XCBuildConfiguration section */
		03E380DE1A66C7E5009A7C0C /* Debug */ = {
			isa = XCBuildConfiguration;
			buildSettings = {
				ALWAYS_SEARCH_USER_PATHS = NO;
				CLANG_CXX_LANGUAGE_STANDARD = "gnu++0x";
				CLANG_CXX_LIBRARY = "libc++";
				CLANG_ENABLE_MODULES = YES;
				CLANG_ENABLE_OBJC_ARC = YES;
				CLANG_WARN_BOOL_CONVERSION = YES;
				CLANG_WARN_CONSTANT_CONVERSION = YES;
				CLANG_WARN_DIRECT_OBJC_ISA_USAGE = YES_ERROR;
				CLANG_WARN_EMPTY_BODY = YES;
				CLANG_WARN_ENUM_CONVERSION = YES;
				CLANG_WARN_INT_CONVERSION = YES;
				CLANG_WARN_OBJC_ROOT_CLASS = YES_ERROR;
				CLANG_WARN_UNREACHABLE_CODE = YES;
				CLANG_WARN__DUPLICATE_METHOD_MATCH = YES;
				"CODE_SIGN_IDENTITY[sdk=iphoneos*]" = "iPhone Developer";
				COPY_PHASE_STRIP = NO;
				ENABLE_STRICT_OBJC_MSGSEND = YES;
				GCC_C_LANGUAGE_STANDARD = gnu99;
				GCC_DYNAMIC_NO_PIC = NO;
				GCC_OPTIMIZATION_LEVEL = 0;
				GCC_PREPROCESSOR_DEFINITIONS = (
					"DEBUG=1",
					"$(inherited)",
				);
				GCC_SYMBOLS_PRIVATE_EXTERN = NO;
				GCC_WARN_64_TO_32_BIT_CONVERSION = YES;
				GCC_WARN_ABOUT_RETURN_TYPE = YES_ERROR;
				GCC_WARN_UNDECLARED_SELECTOR = YES;
				GCC_WARN_UNINITIALIZED_AUTOS = YES_AGGRESSIVE;
				GCC_WARN_UNUSED_FUNCTION = YES;
				GCC_WARN_UNUSED_VARIABLE = YES;
				IPHONEOS_DEPLOYMENT_TARGET = 8.1;
				MTL_ENABLE_DEBUG_INFO = YES;
				ONLY_ACTIVE_ARCH = YES;
				SDKROOT = iphoneos;
				SWIFT_OPTIMIZATION_LEVEL = "-Onone";
			};
			name = Debug;
		};
		03E380DF1A66C7E5009A7C0C /* Release */ = {
			isa = XCBuildConfiguration;
			buildSettings = {
				ALWAYS_SEARCH_USER_PATHS = NO;
				CLANG_CXX_LANGUAGE_STANDARD = "gnu++0x";
				CLANG_CXX_LIBRARY = "libc++";
				CLANG_ENABLE_MODULES = YES;
				CLANG_ENABLE_OBJC_ARC = YES;
				CLANG_WARN_BOOL_CONVERSION = YES;
				CLANG_WARN_CONSTANT_CONVERSION = YES;
				CLANG_WARN_DIRECT_OBJC_ISA_USAGE = YES_ERROR;
				CLANG_WARN_EMPTY_BODY = YES;
				CLANG_WARN_ENUM_CONVERSION = YES;
				CLANG_WARN_INT_CONVERSION = YES;
				CLANG_WARN_OBJC_ROOT_CLASS = YES_ERROR;
				CLANG_WARN_UNREACHABLE_CODE = YES;
				CLANG_WARN__DUPLICATE_METHOD_MATCH = YES;
				"CODE_SIGN_IDENTITY[sdk=iphoneos*]" = "iPhone Developer";
				COPY_PHASE_STRIP = YES;
				ENABLE_NS_ASSERTIONS = NO;
				ENABLE_STRICT_OBJC_MSGSEND = YES;
				GCC_C_LANGUAGE_STANDARD = gnu99;
				GCC_WARN_64_TO_32_BIT_CONVERSION = YES;
				GCC_WARN_ABOUT_RETURN_TYPE = YES_ERROR;
				GCC_WARN_UNDECLARED_SELECTOR = YES;
				GCC_WARN_UNINITIALIZED_AUTOS = YES_AGGRESSIVE;
				GCC_WARN_UNUSED_FUNCTION = YES;
				GCC_WARN_UNUSED_VARIABLE = YES;
				IPHONEOS_DEPLOYMENT_TARGET = 8.1;
				MTL_ENABLE_DEBUG_INFO = NO;
				SDKROOT = iphoneos;
				VALIDATE_PRODUCT = YES;
			};
			name = Release;
		};
		03E380E11A66C7E5009A7C0C /* Debug */ = {
			isa = XCBuildConfiguration;
			buildSettings = {
				ASSETCATALOG_COMPILER_APPICON_NAME = AppIcon;
				CODE_SIGN_IDENTITY = "iPhone Developer";
				DEFINES_MODULE = YES;
				FRAMEWORK_SEARCH_PATHS = (
					"$(inherited)",
					"$(PROJECT_DIR)/Carthage/Build/iOS",
				);
				INFOPLIST_FILE = "peril/Supporting Files/Info.plist";
				LD_RUNPATH_SEARCH_PATHS = "$(inherited) @executable_path/Frameworks";
				PRODUCT_MODULE_NAME = Peril;
				PRODUCT_NAME = "$(TARGET_NAME)";
				PROVISIONING_PROFILE = "";
			};
			name = Debug;
		};
		03E380E21A66C7E5009A7C0C /* Release */ = {
			isa = XCBuildConfiguration;
			buildSettings = {
				ASSETCATALOG_COMPILER_APPICON_NAME = AppIcon;
				CODE_SIGN_IDENTITY = "iPhone Developer";
				DEFINES_MODULE = YES;
				FRAMEWORK_SEARCH_PATHS = (
					"$(inherited)",
					"$(PROJECT_DIR)/Carthage/Build/iOS",
				);
				INFOPLIST_FILE = "peril/Supporting Files/Info.plist";
				LD_RUNPATH_SEARCH_PATHS = "$(inherited) @executable_path/Frameworks";
				PRODUCT_MODULE_NAME = Peril;
				PRODUCT_NAME = "$(TARGET_NAME)";
				PROVISIONING_PROFILE = "";
			};
			name = Release;
		};
		03E380E41A66C7E5009A7C0C /* Debug */ = {
			isa = XCBuildConfiguration;
			buildSettings = {
				BUNDLE_LOADER = "$(TEST_HOST)";
				CLANG_ENABLE_MODULES = YES;
				FRAMEWORK_SEARCH_PATHS = (
					"$(SDKROOT)/Developer/Library/Frameworks",
					"$(inherited)",
					"$(PROJECT_DIR)/Carthage/Build/iOS",
				);
				GCC_PREPROCESSOR_DEFINITIONS = (
					"DEBUG=1",
					"$(inherited)",
				);
				INFOPLIST_FILE = "perilTests/Supporting Files/Info.plist";
				LD_RUNPATH_SEARCH_PATHS = "$(inherited) @executable_path/Frameworks @loader_path/Frameworks";
				PRODUCT_NAME = "$(TARGET_NAME)";
				SWIFT_OBJC_BRIDGING_HEADER = "";
				SWIFT_OPTIMIZATION_LEVEL = "-Onone";
				TEST_HOST = "$(BUILT_PRODUCTS_DIR)/peril.app/peril";
			};
			name = Debug;
		};
		03E380E51A66C7E5009A7C0C /* Release */ = {
			isa = XCBuildConfiguration;
			buildSettings = {
				BUNDLE_LOADER = "$(TEST_HOST)";
				CLANG_ENABLE_MODULES = YES;
				FRAMEWORK_SEARCH_PATHS = (
					"$(SDKROOT)/Developer/Library/Frameworks",
					"$(inherited)",
					"$(PROJECT_DIR)/Carthage/Build/iOS",
				);
				INFOPLIST_FILE = "perilTests/Supporting Files/Info.plist";
				LD_RUNPATH_SEARCH_PATHS = "$(inherited) @executable_path/Frameworks @loader_path/Frameworks";
				PRODUCT_NAME = "$(TARGET_NAME)";
				SWIFT_OBJC_BRIDGING_HEADER = "";
				TEST_HOST = "$(BUILT_PRODUCTS_DIR)/peril.app/peril";
			};
			name = Release;
		};
/* End XCBuildConfiguration section */

/* Begin XCConfigurationList section */
		03E380B81A66C7E5009A7C0C /* Build configuration list for PBXProject "peril" */ = {
			isa = XCConfigurationList;
			buildConfigurations = (
				03E380DE1A66C7E5009A7C0C /* Debug */,
				03E380DF1A66C7E5009A7C0C /* Release */,
			);
			defaultConfigurationIsVisible = 0;
			defaultConfigurationName = Release;
		};
		03E380E01A66C7E5009A7C0C /* Build configuration list for PBXNativeTarget "peril" */ = {
			isa = XCConfigurationList;
			buildConfigurations = (
				03E380E11A66C7E5009A7C0C /* Debug */,
				03E380E21A66C7E5009A7C0C /* Release */,
			);
			defaultConfigurationIsVisible = 0;
			defaultConfigurationName = Release;
		};
		03E380E31A66C7E5009A7C0C /* Build configuration list for PBXNativeTarget "perilTests" */ = {
			isa = XCConfigurationList;
			buildConfigurations = (
				03E380E41A66C7E5009A7C0C /* Debug */,
				03E380E51A66C7E5009A7C0C /* Release */,
			);
			defaultConfigurationIsVisible = 0;
			defaultConfigurationName = Release;
		};
/* End XCConfigurationList section */
	};
	rootObject = 03E380B51A66C7E5009A7C0C /* Project object */;
}
